
Microsoft Visual Studio Solution File, Format Version 12.00
# Visual Studio 2013
VisualStudioVersion = 12.0.31101.0
MinimumVisualStudioVersion = 10.0.40219.1
Project("{8BC9CEB8-8B4A-11D0-8D11-00A0C91BC942}") = "testConsole", "testConsole\testConsole.vcxproj", "{3D70FC12-775B-4D20-AE15-47A8C77DB844}"
EndProject
Global
	GlobalSection(SolutionConfigurationPlatforms) = preSolution
		Debug|Win32 = Debug|Win32
		Release|Win32 = Release|Win32
	EndGlobalSection
	GlobalSection(ProjectConfigurationPlatforms) = postSolution
		{3D70FC12-775B-4D20-AE15-47A8C77DB844}.Debug|Win32.ActiveCfg = Debug|Win32
		{3D70FC12-775B-4D20-AE15-47A8C77DB844}.Debug|Win32.Build.0 = Debug|Win32
		{3D70FC12-775B-4D20-AE15-47A8C77DB844}.Release|Win32.ActiveCfg = Release|Win32
		{3D70FC12-775B-4D20-AE15-47A8C77DB844}.Release|Win32.Build.0 = Release|Win32
	EndGlobalSection
	GlobalSection(SolutionProperties) = preSolution
		HideSolutionNode = FALSE
	EndGlobalSection
EndGlobal
